
Microsoft Visual Studio Solution File, Format Version 12.00
# Visual Studio Version 17
VisualStudioVersion = 17.2.32505.173
MinimumVisualStudioVersion = 10.0.40219.1
Project("{9A19103F-16F7-4668-BE54-9A1E7A4F7556}") = "MyPortfolio", "MyPortfolio\MyPortfolio.csproj", "{6091263E-7015-4DA3-A722-6B8A45FEB4F3}"
EndProject
Project("{FAE04EC0-301F-11D3-BF4B-00C04F79EFBC}") = "MyPortfolioTest", "MyPortfolioest\MyPortfolioTest.csproj", "{35D038DE-EB36-4F79-9FF2-88E7596CF1B7}"
EndProject
Global
	GlobalSection(SolutionConfigurationPlatforms) = preSolution
		Debug|Any CPU = Debug|Any CPU
		Release|Any CPU = Release|Any CPU
	EndGlobalSection
	GlobalSection(ProjectConfigurationPlatforms) = postSolution
		{6091263E-7015-4DA3-A722-6B8A45FEB4F3}.Debug|Any CPU.ActiveCfg = Debug|Any CPU
		{6091263E-7015-4DA3-A722-6B8A45FEB4F3}.Debug|Any CPU.Build.0 = Debug|Any CPU
		{6091263E-7015-4DA3-A722-6B8A45FEB4F3}.Release|Any CPU.ActiveCfg = Release|Any CPU
		{6091263E-7015-4DA3-A722-6B8A45FEB4F3}.Release|Any CPU.Build.0 = Release|Any CPU
		{35D038DE-EB36-4F79-9FF2-88E7596CF1B7}.Debug|Any CPU.ActiveCfg = Debug|Any CPU
		{35D038DE-EB36-4F79-9FF2-88E7596CF1B7}.Debug|Any CPU.Build.0 = Debug|Any CPU
		{35D038DE-EB36-4F79-9FF2-88E7596CF1B7}.Release|Any CPU.ActiveCfg = Release|Any CPU
		{35D038DE-EB36-4F79-9FF2-88E7596CF1B7}.Release|Any CPU.Build.0 = Release|Any CPU
	EndGlobalSection
	GlobalSection(SolutionProperties) = preSolution
		HideSolutionNode = FALSE
	EndGlobalSection
	GlobalSection(ExtensibilityGlobals) = postSolution
		SolutionGuid = {F807BE11-94E8-483D-B634-02E0AC352779}
	EndGlobalSection
EndGlobal
